{
  "version": 4,
  "terraform_version": "1.5.7",
  "serial": 28,
  "lineage": "0d9c23b5-9ef5-2f22-f248-d32bb013dd26",
  "outputs": {},
  "resources": [
    {
      "module": "module.bigquery",
      "mode": "managed",
      "type": "google_bigquery_dataset",
      "name": "yt_dataset",
      "provider": "provider[\"registry.terraform.io/hashicorp/google\"]",
      "instances": [
        {
          "schema_version": 0,
          "attributes": {
            "access": [
              {
                "condition": [],
                "dataset": [],
                "domain": "",
                "group_by_email": "",
                "iam_member": "",
                "role": "OWNER",
                "routine": [],
                "special_group": "",
                "user_by_email": "clashback08@gmail.com",
                "view": []
              },
              {
                "condition": [],
                "dataset": [],
                "domain": "",
                "group_by_email": "",
                "iam_member": "",
                "role": "OWNER",
                "routine": [],
                "special_group": "projectOwners",
                "user_by_email": "",
                "view": []
              },
              {
                "condition": [],
                "dataset": [],
                "domain": "",
                "group_by_email": "",
                "iam_member": "",
                "role": "READER",
                "routine": [],
                "special_group": "projectReaders",
                "user_by_email": "",
                "view": []
              },
              {
                "condition": [],
                "dataset": [],
                "domain": "",
                "group_by_email": "",
                "iam_member": "",
                "role": "WRITER",
                "routine": [],
                "special_group": "projectWriters",
                "user_by_email": "",
                "view": []
              }
            ],
            "creation_time": 1760013659627,
            "dataset_id": "youtube_comments",
            "default_collation": "",
            "default_encryption_configuration": [],
            "default_partition_expiration_ms": 0,
            "default_table_expiration_ms": 0,
            "delete_contents_on_destroy": false,
            "description": "",
            "effective_labels": {
              "goog-terraform-provisioned": "true"
            },
            "etag": "ySjw5h6KrATCcDXV6wUqXg==",
            "external_catalog_dataset_options": [],
            "external_dataset_reference": [],
            "friendly_name": "",
            "id": "projects/yt-comments-474611/datasets/youtube_comments",
            "is_case_insensitive": false,
            "labels": null,
            "last_modified_time": 1760013659627,
            "location": "asia-south1",
            "max_time_travel_hours": "168",
            "project": "yt-comments-474611",
            "resource_tags": null,
            "self_link": "https://bigquery.googleapis.com/bigquery/v2/projects/yt-comments-474611/datasets/youtube_comments",
            "storage_billing_model": "",
            "terraform_labels": {
              "goog-terraform-provisioned": "true"
            },
            "timeouts": null
          },
          "sensitive_attributes": [],
          "private": "eyJlMmJmYjczMC1lY2FhLTExZTYtOGY4OC0zNDM2M2JjN2M0YzAiOnsiY3JlYXRlIjoxMjAwMDAwMDAwMDAwLCJkZWxldGUiOjEyMDAwMDAwMDAwMDAsInVwZGF0ZSI6MTIwMDAwMDAwMDAwMH19"
        }
      ]
    },
    {
      "module": "module.bigquery",
      "mode": "managed",
      "type": "google_bigquery_table",
      "name": "yt_comments_table",
      "provider": "provider[\"registry.terraform.io/hashicorp/google\"]",
      "instances": [
        {
          "schema_version": 0,
          "attributes": {
            "biglake_configuration": [],
            "clustering": null,
            "creation_time": 1760013661559,
            "dataset_id": "youtube_comments",
            "deletion_protection": true,
            "description": "",
            "effective_labels": {
              "goog-terraform-provisioned": "true"
            },
            "encryption_configuration": [],
            "etag": "vyb6jupAnMVdYfUdlmAiTw==",
            "expiration_time": 0,
            "external_catalog_table_options": [],
            "external_data_configuration": [],
            "friendly_name": "",
            "generated_schema_columns": "",
            "id": "projects/yt-comments-474611/datasets/youtube_comments/tables/comments",
            "ignore_auto_generated_schema": false,
            "ignore_schema_changes": null,
            "labels": null,
            "last_modified_time": 1760013661625,
            "location": "asia-south1",
            "materialized_view": [],
            "max_staleness": "",
            "num_bytes": 0,
            "num_long_term_bytes": 0,
            "num_rows": 0,
            "project": "yt-comments-474611",
            "range_partitioning": [],
            "require_partition_filter": false,
            "resource_tags": null,
            "schema": "[{\"mode\":\"REQUIRED\",\"name\":\"comment_id\",\"type\":\"STRING\"},{\"mode\":\"REQUIRED\",\"name\":\"comment_text\",\"type\":\"STRING\"},{\"mode\":\"REQUIRED\",\"name\":\"published_at\",\"type\":\"TIMESTAMP\"}]",
            "schema_foreign_type_info": [],
            "self_link": "https://bigquery.googleapis.com/bigquery/v2/projects/yt-comments-474611/datasets/youtube_comments/tables/comments",
            "table_constraints": [],
            "table_id": "comments",
            "table_metadata_view": null,
            "table_replication_info": [],
            "terraform_labels": {
              "goog-terraform-provisioned": "true"
            },
            "time_partitioning": [],
            "type": "TABLE",
            "view": []
          },
          "sensitive_attributes": [],
          "private": "bnVsbA==",
          "dependencies": [
            "module.bigquery.google_bigquery_dataset.yt_dataset"
          ]
        }
      ]
    },
    {
      "module": "module.bigquery",
      "mode": "managed",
      "type": "google_bigquery_table",
      "name": "yt_sentiment_table",
      "provider": "provider[\"registry.terraform.io/hashicorp/google\"]",
      "instances": [
        {
          "schema_version": 0,
          "attributes": {
            "biglake_configuration": [],
            "clustering": null,
            "creation_time": 1760013661560,
            "dataset_id": "youtube_comments",
            "deletion_protection": true,
            "description": "",
            "effective_labels": {
              "goog-terraform-provisioned": "true"
            },
            "encryption_configuration": [],
            "etag": "mcoTtQ1tyWB2aIPLzaHQyQ==",
            "expiration_time": 0,
            "external_catalog_table_options": [],
            "external_data_configuration": [],
            "friendly_name": "",
            "generated_schema_columns": "",
            "id": "projects/yt-comments-474611/datasets/youtube_comments/tables/sentiment",
            "ignore_auto_generated_schema": false,
            "ignore_schema_changes": null,
            "labels": null,
            "last_modified_time": 1760013661635,
            "location": "asia-south1",
            "materialized_view": [],
            "max_staleness": "",
            "num_bytes": 0,
            "num_long_term_bytes": 0,
            "num_rows": 0,
            "project": "yt-comments-474611",
            "range_partitioning": [],
            "require_partition_filter": false,
            "resource_tags": null,
            "schema": "[{\"mode\":\"REQUIRED\",\"name\":\"comment_id\",\"type\":\"STRING\"},{\"mode\":\"REQUIRED\",\"name\":\"comment_text\",\"type\":\"STRING\"},{\"mode\":\"NULLABLE\",\"name\":\"sentiment_score\",\"type\":\"FLOAT\"},{\"mode\":\"NULLABLE\",\"name\":\"sentiment_magnitude\",\"type\":\"FLOAT\"}]",
            "schema_foreign_type_info": [],
            "self_link": "https://bigquery.googleapis.com/bigquery/v2/projects/yt-comments-474611/datasets/youtube_comments/tables/sentiment",
            "table_constraints": [],
            "table_id": "sentiment",
            "table_metadata_view": null,
            "table_replication_info": [],
            "terraform_labels": {
              "goog-terraform-provisioned": "true"
            },
            "time_partitioning": [],
            "type": "TABLE",
            "view": []
          },
          "sensitive_attributes": [],
          "private": "bnVsbA==",
          "dependencies": [
            "module.bigquery.google_bigquery_dataset.yt_dataset"
          ]
        }
      ]
    },
    {
      "module": "module.iam",
      "mode": "data",
      "type": "google_project",
      "name": "current",
      "provider": "provider[\"registry.terraform.io/hashicorp/google\"]",
      "instances": [
        {
          "schema_version": 0,
          "attributes": {
            "auto_create_network": null,
            "billing_account": null,
            "deletion_policy": "PREVENT",
            "effective_labels": {},
            "folder_id": null,
            "id": "projects/yt-comments-474611",
            "labels": {},
            "name": "yt-comments",
            "number": "204635707049",
            "org_id": null,
            "project_id": "yt-comments-474611",
            "tags": null,
            "terraform_labels": {}
          },
          "sensitive_attributes": []
        }
      ]
    },
    {
      "module": "module.iam",
      "mode": "managed",
      "type": "google_project_iam_member",
      "name": "cf_sa_bigquery_admin",
      "provider": "provider[\"registry.terraform.io/hashicorp/google\"]",
      "instances": [
        {
          "schema_version": 0,
          "attributes": {
            "condition": [],
            "etag": "BwZAuR87FjI=",
            "id": "yt-comments-474611/roles/bigquery.admin/serviceAccount:cloud-fn-sa@yt-comments-474611.iam.gserviceaccount.com",
            "member": "serviceAccount:cloud-fn-sa@yt-comments-474611.iam.gserviceaccount.com",
            "project": "yt-comments-474611",
            "role": "roles/bigquery.admin"
          },
          "sensitive_attributes": [],
          "private": "bnVsbA==",
          "dependencies": [
            "module.iam.google_service_account.cf_sa"
          ]
        }
      ]
    },
    {
      "module": "module.iam",
      "mode": "managed",
      "type": "google_project_iam_member",
      "name": "cf_sa_bigquery_data_editor",
      "provider": "provider[\"registry.terraform.io/hashicorp/google\"]",
      "instances": [
        {
          "schema_version": 0,
          "attributes": {
            "condition": [],
            "etag": "BwZAuR4rLmg=",
            "id": "yt-comments-474611/roles/bigquery.dataEditor/serviceAccount:cloud-fn-sa@yt-comments-474611.iam.gserviceaccount.com",
            "member": "serviceAccount:cloud-fn-sa@yt-comments-474611.iam.gserviceaccount.com",
            "project": "yt-comments-474611",
            "role": "roles/bigquery.dataEditor"
          },
          "sensitive_attributes": [],
          "private": "bnVsbA==",
          "dependencies": [
            "module.iam.google_service_account.cf_sa"
          ]
        }
      ]
    },
    {
      "module": "module.iam",
      "mode": "managed",
      "type": "google_project_iam_member",
      "name": "cf_sa_bigquery_job_user",
      "provider": "provider[\"registry.terraform.io/hashicorp/google\"]",
      "instances": [
        {
          "schema_version": 0,
          "attributes": {
            "condition": [],
            "etag": "BwZAuR87FjI=",
            "id": "yt-comments-474611/roles/bigquery.jobUser/serviceAccount:cloud-fn-sa@yt-comments-474611.iam.gserviceaccount.com",
            "member": "serviceAccount:cloud-fn-sa@yt-comments-474611.iam.gserviceaccount.com",
            "project": "yt-comments-474611",
            "role": "roles/bigquery.jobUser"
          },
          "sensitive_attributes": [],
          "private": "bnVsbA==",
          "dependencies": [
            "module.iam.google_service_account.cf_sa"
          ]
        }
      ]
    },
    {
      "module": "module.iam",
      "mode": "managed",
      "type": "google_project_iam_member",
      "name": "cf_sa_bigquery_user",
      "provider": "provider[\"registry.terraform.io/hashicorp/google\"]",
      "instances": [
        {
          "schema_version": 0,
          "attributes": {
            "condition": [],
            "etag": "BwZAuR87FjI=",
            "id": "yt-comments-474611/roles/bigquery.user/serviceAccount:cloud-fn-sa@yt-comments-474611.iam.gserviceaccount.com",
            "member": "serviceAccount:cloud-fn-sa@yt-comments-474611.iam.gserviceaccount.com",
            "project": "yt-comments-474611",
            "role": "roles/bigquery.user"
          },
          "sensitive_attributes": [],
          "private": "bnVsbA==",
          "dependencies": [
            "module.iam.google_service_account.cf_sa"
          ]
        }
      ]
    },
    {
      "module": "module.iam",
      "mode": "managed",
      "type": "google_project_iam_member",
      "name": "cf_sa_cloudfunctions_admin",
      "provider": "provider[\"registry.terraform.io/hashicorp/google\"]",
      "instances": [
        {
          "schema_version": 0,
          "attributes": {
            "condition": [],
            "etag": "BwZAuR4rLmg=",
            "id": "yt-comments-474611/roles/cloudfunctions.admin/serviceAccount:cloud-fn-sa@yt-comments-474611.iam.gserviceaccount.com",
            "member": "serviceAccount:cloud-fn-sa@yt-comments-474611.iam.gserviceaccount.com",
            "project": "yt-comments-474611",
            "role": "roles/cloudfunctions.admin"
          },
          "sensitive_attributes": [],
          "private": "bnVsbA==",
          "dependencies": [
            "module.iam.google_service_account.cf_sa"
          ]
        }
      ]
    },
    {
      "module": "module.iam",
      "mode": "managed",
      "type": "google_project_iam_member",
      "name": "cf_sa_cloudfunctions_invoker",
      "provider": "provider[\"registry.terraform.io/hashicorp/google\"]",
      "instances": [
        {
          "schema_version": 0,
          "attributes": {
            "condition": [],
            "etag": "BwZAuR87FjI=",
            "id": "yt-comments-474611/roles/cloudfunctions.invoker/serviceAccount:cloud-fn-sa@yt-comments-474611.iam.gserviceaccount.com",
            "member": "serviceAccount:cloud-fn-sa@yt-comments-474611.iam.gserviceaccount.com",
            "project": "yt-comments-474611",
            "role": "roles/cloudfunctions.invoker"
          },
          "sensitive_attributes": [],
          "private": "bnVsbA==",
          "dependencies": [
            "module.iam.google_service_account.cf_sa"
          ]
        }
      ]
    },
    {
      "module": "module.iam",
      "mode": "managed",
      "type": "google_project_iam_member",
      "name": "cf_sa_composer_admin",
      "provider": "provider[\"registry.terraform.io/hashicorp/google\"]",
      "instances": [
        {
          "schema_version": 0,
          "attributes": {
            "condition": [],
            "etag": "BwZAuR4rLmg=",
            "id": "yt-comments-474611/roles/composer.admin/serviceAccount:cloud-fn-sa@yt-comments-474611.iam.gserviceaccount.com",
            "member": "serviceAccount:cloud-fn-sa@yt-comments-474611.iam.gserviceaccount.com",
            "project": "yt-comments-474611",
            "role": "roles/composer.admin"
          },
          "sensitive_attributes": [],
          "private": "bnVsbA==",
          "dependencies": [
            "module.iam.google_service_account.cf_sa"
          ]
        }
      ]
    },
    {
      "module": "module.iam",
      "mode": "managed",
      "type": "google_project_iam_member",
      "name": "cf_sa_composer_worker",
      "provider": "provider[\"registry.terraform.io/hashicorp/google\"]",
      "instances": [
        {
          "schema_version": 0,
          "attributes": {
            "condition": [],
            "etag": "BwZAuR87FjI=",
            "id": "yt-comments-474611/roles/composer.worker/serviceAccount:cloud-fn-sa@yt-comments-474611.iam.gserviceaccount.com",
            "member": "serviceAccount:cloud-fn-sa@yt-comments-474611.iam.gserviceaccount.com",
            "project": "yt-comments-474611",
            "role": "roles/composer.worker"
          },
          "sensitive_attributes": [],
          "private": "bnVsbA==",
          "dependencies": [
            "module.iam.google_service_account.cf_sa"
          ]
        }
      ]
    },
    {
      "module": "module.iam",
      "mode": "managed",
      "type": "google_project_iam_member",
      "name": "cf_sa_container_admin",
      "provider": "provider[\"registry.terraform.io/hashicorp/google\"]",
      "instances": [
        {
          "schema_version": 0,
          "attributes": {
            "condition": [],
            "etag": "BwZAuR4rLmg=",
            "id": "yt-comments-474611/roles/container.admin/serviceAccount:cloud-fn-sa@yt-comments-474611.iam.gserviceaccount.com",
            "member": "serviceAccount:cloud-fn-sa@yt-comments-474611.iam.gserviceaccount.com",
            "project": "yt-comments-474611",
            "role": "roles/container.admin"
          },
          "sensitive_attributes": [],
          "private": "bnVsbA==",
          "dependencies": [
            "module.iam.google_service_account.cf_sa"
          ]
        }
      ]
    },
    {
      "module": "module.iam",
      "mode": "managed",
      "type": "google_project_iam_member",
      "name": "cf_sa_dataflow_developer",
      "provider": "provider[\"registry.terraform.io/hashicorp/google\"]",
      "instances": [
        {
          "schema_version": 0,
          "attributes": {
            "condition": [],
            "etag": "BwZAuR7VC7o=",
            "id": "yt-comments-474611/roles/dataflow.developer/serviceAccount:cloud-fn-sa@yt-comments-474611.iam.gserviceaccount.com",
            "member": "serviceAccount:cloud-fn-sa@yt-comments-474611.iam.gserviceaccount.com",
            "project": "yt-comments-474611",
            "role": "roles/dataflow.developer"
          },
          "sensitive_attributes": [],
          "private": "bnVsbA==",
          "dependencies": [
            "module.iam.google_service_account.cf_sa"
          ]
        }
      ]
    },
    {
      "module": "module.iam",
      "mode": "managed",
      "type": "google_project_iam_member",
      "name": "cf_sa_dataflow_worker",
      "provider": "provider[\"registry.terraform.io/hashicorp/google\"]",
      "instances": [
        {
          "schema_version": 0,
          "attributes": {
            "condition": [],
            "etag": "BwZAuR4rLmg=",
            "id": "yt-comments-474611/roles/dataflow.worker/serviceAccount:cloud-fn-sa@yt-comments-474611.iam.gserviceaccount.com",
            "member": "serviceAccount:cloud-fn-sa@yt-comments-474611.iam.gserviceaccount.com",
            "project": "yt-comments-474611",
            "role": "roles/dataflow.worker"
          },
          "sensitive_attributes": [],
          "private": "bnVsbA==",
          "dependencies": [
            "module.iam.google_service_account.cf_sa"
          ]
        }
      ]
    },
    {
      "module": "module.iam",
      "mode": "managed",
      "type": "google_project_iam_member",
      "name": "cf_sa_network_admin",
      "provider": "provider[\"registry.terraform.io/hashicorp/google\"]",
      "instances": [
        {
          "schema_version": 0,
          "attributes": {
            "condition": [],
            "etag": "BwZAuR4rLmg=",
            "id": "yt-comments-474611/roles/compute.networkAdmin/serviceAccount:cloud-fn-sa@yt-comments-474611.iam.gserviceaccount.com",
            "member": "serviceAccount:cloud-fn-sa@yt-comments-474611.iam.gserviceaccount.com",
            "project": "yt-comments-474611",
            "role": "roles/compute.networkAdmin"
          },
          "sensitive_attributes": [],
          "private": "bnVsbA==",
          "dependencies": [
            "module.iam.google_service_account.cf_sa"
          ]
        }
      ]
    },
    {
      "module": "module.iam",
      "mode": "managed",
      "type": "google_project_iam_member",
      "name": "cf_sa_pubsub_editor",
      "provider": "provider[\"registry.terraform.io/hashicorp/google\"]",
      "instances": [
        {
          "schema_version": 0,
          "attributes": {
            "condition": [],
            "etag": "BwZAuR4rLmg=",
            "id": "yt-comments-474611/roles/pubsub.editor/serviceAccount:cloud-fn-sa@yt-comments-474611.iam.gserviceaccount.com",
            "member": "serviceAccount:cloud-fn-sa@yt-comments-474611.iam.gserviceaccount.com",
            "project": "yt-comments-474611",
            "role": "roles/pubsub.editor"
          },
          "sensitive_attributes": [],
          "private": "bnVsbA==",
          "dependencies": [
            "module.iam.google_service_account.cf_sa"
          ]
        }
      ]
    },
    {
      "module": "module.iam",
      "mode": "managed",
      "type": "google_project_iam_member",
      "name": "cf_sa_pubsub_publisher",
      "provider": "provider[\"registry.terraform.io/hashicorp/google\"]",
      "instances": [
        {
          "schema_version": 0,
          "attributes": {
            "condition": [],
            "etag": "BwZAuR87FjI=",
            "id": "yt-comments-474611/roles/pubsub.publisher/serviceAccount:cloud-fn-sa@yt-comments-474611.iam.gserviceaccount.com",
            "member": "serviceAccount:cloud-fn-sa@yt-comments-474611.iam.gserviceaccount.com",
            "project": "yt-comments-474611",
            "role": "roles/pubsub.publisher"
          },
          "sensitive_attributes": [],
          "private": "bnVsbA==",
          "dependencies": [
            "module.iam.google_service_account.cf_sa"
          ]
        }
      ]
    },
    {
      "module": "module.iam",
      "mode": "managed",
      "type": "google_project_iam_member",
      "name": "cf_sa_pubsub_subscriber",
      "provider": "provider[\"registry.terraform.io/hashicorp/google\"]",
      "instances": [
        {
          "schema_version": 0,
          "attributes": {
            "condition": [],
            "etag": "BwZAuR87FjI=",
            "id": "yt-comments-474611/roles/pubsub.subscriber/serviceAccount:cloud-fn-sa@yt-comments-474611.iam.gserviceaccount.com",
            "member": "serviceAccount:cloud-fn-sa@yt-comments-474611.iam.gserviceaccount.com",
            "project": "yt-comments-474611",
            "role": "roles/pubsub.subscriber"
          },
          "sensitive_attributes": [],
          "private": "bnVsbA==",
          "dependencies": [
            "module.iam.google_service_account.cf_sa"
          ]
        }
      ]
    },
    {
      "module": "module.iam",
      "mode": "managed",
      "type": "google_project_iam_member",
      "name": "cf_sa_service_account_actor",
      "provider": "provider[\"registry.terraform.io/hashicorp/google\"]",
      "instances": [
        {
          "schema_version": 0,
          "attributes": {
            "condition": [],
            "etag": "BwZAuR4rLmg=",
            "id": "yt-comments-474611/roles/iam.serviceAccountActor/serviceAccount:cloud-fn-sa@yt-comments-474611.iam.gserviceaccount.com",
            "member": "serviceAccount:cloud-fn-sa@yt-comments-474611.iam.gserviceaccount.com",
            "project": "yt-comments-474611",
            "role": "roles/iam.serviceAccountActor"
          },
          "sensitive_attributes": [],
          "private": "bnVsbA==",
          "dependencies": [
            "module.iam.google_service_account.cf_sa"
          ]
        }
      ]
    },
    {
      "module": "module.iam",
      "mode": "managed",
      "type": "google_project_iam_member",
      "name": "cf_sa_service_account_user",
      "provider": "provider[\"registry.terraform.io/hashicorp/google\"]",
      "instances": [
        {
          "schema_version": 0,
          "attributes": {
            "condition": [],
            "etag": "BwZAuR4rLmg=",
            "id": "yt-comments-474611/roles/iam.serviceAccountUser/serviceAccount:cloud-fn-sa@yt-comments-474611.iam.gserviceaccount.com",
            "member": "serviceAccount:cloud-fn-sa@yt-comments-474611.iam.gserviceaccount.com",
            "project": "yt-comments-474611",
            "role": "roles/iam.serviceAccountUser"
          },
          "sensitive_attributes": [],
          "private": "bnVsbA==",
          "dependencies": [
            "module.iam.google_service_account.cf_sa"
          ]
        }
      ]
    },
    {
      "module": "module.iam",
      "mode": "managed",
      "type": "google_project_iam_member",
      "name": "cf_sa_storage_object_admin",
      "provider": "provider[\"registry.terraform.io/hashicorp/google\"]",
      "instances": [
        {
          "schema_version": 0,
          "attributes": {
            "condition": [],
            "etag": "BwZAuR87FjI=",
            "id": "yt-comments-474611/roles/storage.objectAdmin/serviceAccount:cloud-fn-sa@yt-comments-474611.iam.gserviceaccount.com",
            "member": "serviceAccount:cloud-fn-sa@yt-comments-474611.iam.gserviceaccount.com",
            "project": "yt-comments-474611",
            "role": "roles/storage.objectAdmin"
          },
          "sensitive_attributes": [],
          "private": "bnVsbA==",
          "dependencies": [
            "module.iam.google_service_account.cf_sa"
          ]
        }
      ]
    },
    {
      "module": "module.iam",
      "mode": "managed",
      "type": "google_project_iam_member",
      "name": "composer_service_agent_ext",
      "provider": "provider[\"registry.terraform.io/hashicorp/google\"]",
      "instances": [
        {
          "schema_version": 0,
          "attributes": {
            "condition": [],
            "etag": "BwZAuR0/jUM=",
            "id": "yt-comments-474611/roles/composer.ServiceAgentV2Ext/serviceAccount:service-204635707049@cloudcomposer-accounts.iam.gserviceaccount.com",
            "member": "serviceAccount:service-204635707049@cloudcomposer-accounts.iam.gserviceaccount.com",
            "project": "yt-comments-474611",
            "role": "roles/composer.ServiceAgentV2Ext"
          },
          "sensitive_attributes": [],
          "private": "bnVsbA==",
          "dependencies": [
            "module.iam.data.google_project.current"
          ]
        }
      ]
    },
    {
      "module": "module.iam",
      "mode": "managed",
      "type": "google_service_account",
      "name": "cf_sa",
      "provider": "provider[\"registry.terraform.io/hashicorp/google\"]",
      "instances": [
        {
          "schema_version": 0,
          "attributes": {
            "account_id": "cloud-fn-sa",
            "create_ignore_already_exists": null,
            "description": "",
            "disabled": false,
            "display_name": "Cloud Functions Service Account",
            "email": "cloud-fn-sa@yt-comments-474611.iam.gserviceaccount.com",
            "id": "projects/yt-comments-474611/serviceAccounts/cloud-fn-sa@yt-comments-474611.iam.gserviceaccount.com",
            "member": "serviceAccount:cloud-fn-sa@yt-comments-474611.iam.gserviceaccount.com",
            "name": "projects/yt-comments-474611/serviceAccounts/cloud-fn-sa@yt-comments-474611.iam.gserviceaccount.com",
            "project": "yt-comments-474611",
            "timeouts": null,
            "unique_id": "118277944360929808731"
          },
          "sensitive_attributes": [],
          "private": "eyJlMmJmYjczMC1lY2FhLTExZTYtOGY4OC0zNDM2M2JjN2M0YzAiOnsiY3JlYXRlIjozMDAwMDAwMDAwMDB9fQ=="
        }
      ]
    },
    {
      "module": "module.pubsub",
      "mode": "managed",
      "type": "google_pubsub_topic",
      "name": "yt_comments",
      "provider": "provider[\"registry.terraform.io/hashicorp/google\"]",
      "instances": [
        {
          "schema_version": 0,
          "attributes": {
            "effective_labels": {
              "goog-terraform-provisioned": "true"
            },
            "id": "projects/yt-comments-474611/topics/yt-comments-topic",
            "ingestion_data_source_settings": [],
            "kms_key_name": "",
            "labels": null,
            "message_retention_duration": "",
            "message_storage_policy": [],
            "message_transforms": [],
            "name": "yt-comments-topic",
            "project": "yt-comments-474611",
            "schema_settings": [],
            "tags": null,
            "terraform_labels": {
              "goog-terraform-provisioned": "true"
            },
            "timeouts": null
          },
          "sensitive_attributes": [],
          "private": "eyJlMmJmYjczMC1lY2FhLTExZTYtOGY4OC0zNDM2M2JjN2M0YzAiOnsiY3JlYXRlIjoxMjAwMDAwMDAwMDAwLCJkZWxldGUiOjEyMDAwMDAwMDAwMDAsInVwZGF0ZSI6MTIwMDAwMDAwMDAwMH19"
        }
      ]
    },
    {
      "module": "module.storage",
      "mode": "managed",
      "type": "google_storage_bucket",
      "name": "cf_bucket",
      "provider": "provider[\"registry.terraform.io/hashicorp/google\"]",
      "instances": [
        {
          "schema_version": 4,
          "attributes": {
            "autoclass": [],
            "cors": [],
            "custom_placement_config": [],
            "default_event_based_hold": false,
            "effective_labels": {
              "goog-terraform-provisioned": "true"
            },
            "enable_object_retention": false,
            "encryption": [],
            "force_destroy": true,
            "hierarchical_namespace": [
              {
                "enabled": false
              }
            ],
            "id": "yt-cf-source-yt-comments-474611",
            "ip_filter": [],
            "labels": null,
            "lifecycle_rule": [],
            "location": "ASIA-SOUTH1",
            "logging": [],
            "name": "yt-cf-source-yt-comments-474611",
            "project": "yt-comments-474611",
            "project_number": 204635707049,
            "public_access_prevention": "inherited",
            "requester_pays": false,
            "retention_policy": [],
            "rpo": null,
            "self_link": "https://www.googleapis.com/storage/v1/b/yt-cf-source-yt-comments-474611",
            "soft_delete_policy": [
              {
                "effective_time": "2025-10-09T12:41:00.631Z",
                "retention_duration_seconds": 604800
              }
            ],
            "storage_class": "STANDARD",
            "terraform_labels": {
              "goog-terraform-provisioned": "true"
            },
            "time_created": "2025-10-09T12:41:00.631Z",
            "timeouts": null,
            "uniform_bucket_level_access": true,
            "updated": "2025-10-09T12:41:00.631Z",
            "url": "gs://yt-cf-source-yt-comments-474611",
            "versioning": [],
            "website": []
          },
          "sensitive_attributes": [],
          "private": "eyJlMmJmYjczMC1lY2FhLTExZTYtOGY4OC0zNDM2M2JjN2M0YzAiOnsiY3JlYXRlIjo2MDAwMDAwMDAwMDAsInJlYWQiOjI0MDAwMDAwMDAwMCwidXBkYXRlIjoyNDAwMDAwMDAwMDB9LCJzY2hlbWFfdmVyc2lvbiI6IjQifQ=="
        }
      ]
    },
    {
      "module": "module.storage",
      "mode": "managed",
      "type": "google_storage_bucket",
      "name": "yt_raw_bucket",
      "provider": "provider[\"registry.terraform.io/hashicorp/google\"]",
      "instances": [
        {
          "schema_version": 4,
          "attributes": {
            "autoclass": [],
            "cors": [],
            "custom_placement_config": [],
            "default_event_based_hold": false,
            "effective_labels": {
              "goog-terraform-provisioned": "true"
            },
            "enable_object_retention": false,
            "encryption": [],
            "force_destroy": true,
            "hierarchical_namespace": [
              {
                "enabled": false
              }
            ],
            "id": "yt-raw-comments-yt-comments-474611",
            "ip_filter": [],
            "labels": null,
            "lifecycle_rule": [],
            "location": "ASIA-SOUTH1",
            "logging": [],
            "name": "yt-raw-comments-yt-comments-474611",
            "project": "yt-comments-474611",
            "project_number": 204635707049,
            "public_access_prevention": "inherited",
            "requester_pays": false,
            "retention_policy": [],
            "rpo": null,
            "self_link": "https://www.googleapis.com/storage/v1/b/yt-raw-comments-yt-comments-474611",
            "soft_delete_policy": [
              {
                "effective_time": "2025-10-09T12:41:01.928Z",
                "retention_duration_seconds": 604800
              }
            ],
            "storage_class": "STANDARD",
            "terraform_labels": {
              "goog-terraform-provisioned": "true"
            },
            "time_created": "2025-10-09T12:41:01.928Z",
            "timeouts": null,
            "uniform_bucket_level_access": true,
            "updated": "2025-10-09T12:41:01.928Z",
            "url": "gs://yt-raw-comments-yt-comments-474611",
            "versioning": [],
            "website": []
          },
          "sensitive_attributes": [],
          "private": "eyJlMmJmYjczMC1lY2FhLTExZTYtOGY4OC0zNDM2M2JjN2M0YzAiOnsiY3JlYXRlIjo2MDAwMDAwMDAwMDAsInJlYWQiOjI0MDAwMDAwMDAwMCwidXBkYXRlIjoyNDAwMDAwMDAwMDB9LCJzY2hlbWFfdmVyc2lvbiI6IjQifQ=="
        }
      ]
    }
  ],
  "check_results": null
}
